// !$*UTF8*$!
{
	archiveVersion = 1;
	classes = {
	};
	objectVersion = 56;
	objects = {

/* Begin PBXBuildFile section */
		234F7CBA29AE6DDC0023FD71 /* Constants.swift in Sources */ = {isa = PBXBuildFile; fileRef = 234F7CB929AE6DDC0023FD71 /* Constants.swift */; };
		234F7CBC29AE84720023FD71 /* PokemonTableViewCell.swift in Sources */ = {isa = PBXBuildFile; fileRef = 234F7CBB29AE84720023FD71 /* PokemonTableViewCell.swift */; };
		23FA619429AE627A00BE3132 /* AppDelegate.swift in Sources */ = {isa = PBXBuildFile; fileRef = 23FA619329AE627A00BE3132 /* AppDelegate.swift */; };
		23FA619629AE627A00BE3132 /* SceneDelegate.swift in Sources */ = {isa = PBXBuildFile; fileRef = 23FA619529AE627A00BE3132 /* SceneDelegate.swift */; };
		23FA619B29AE627A00BE3132 /* Main.storyboard in Resources */ = {isa = PBXBuildFile; fileRef = 23FA619929AE627A00BE3132 /* Main.storyboard */; };
		23FA619D29AE627B00BE3132 /* Assets.xcassets in Resources */ = {isa = PBXBuildFile; fileRef = 23FA619C29AE627B00BE3132 /* Assets.xcassets */; };
		23FA61A029AE627B00BE3132 /* LaunchScreen.storyboard in Resources */ = {isa = PBXBuildFile; fileRef = 23FA619E29AE627B00BE3132 /* LaunchScreen.storyboard */; };
		23FA61A829AE62E800BE3132 /* Pokemon.swift in Sources */ = {isa = PBXBuildFile; fileRef = 23FA61A729AE62E800BE3132 /* Pokemon.swift */; };
		23FA61AE29AE66EF00BE3132 /* PokedexTableViewController.swift in Sources */ = {isa = PBXBuildFile; fileRef = 23FA61AD29AE66EF00BE3132 /* PokedexTableViewController.swift */; };
		23FA61B129AE678900BE3132 /* NetworkingController.swift in Sources */ = {isa = PBXBuildFile; fileRef = 23FA61B029AE678900BE3132 /* NetworkingController.swift */; };
		23FA61B329AE688A00BE3132 /* NetworkError.swift in Sources */ = {isa = PBXBuildFile; fileRef = 23FA61B229AE688A00BE3132 /* NetworkError.swift */; };
/* End PBXBuildFile section */

/* Begin PBXFileReference section */
		234F7CB929AE6DDC0023FD71 /* Constants.swift */ = {isa = PBXFileReference; lastKnownFileType = sourcecode.swift; path = Constants.swift; sourceTree = "<group>"; };
		234F7CBB29AE84720023FD71 /* PokemonTableViewCell.swift */ = {isa = PBXFileReference; lastKnownFileType = sourcecode.swift; path = PokemonTableViewCell.swift; sourceTree = "<group>"; };
		23FA619029AE627A00BE3132 /* PokedexCodable.app */ = {isa = PBXFileReference; explicitFileType = wrapper.application; includeInIndex = 0; path = PokedexCodable.app; sourceTree = BUILT_PRODUCTS_DIR; };
		23FA619329AE627A00BE3132 /* AppDelegate.swift */ = {isa = PBXFileReference; lastKnownFileType = sourcecode.swift; path = AppDelegate.swift; sourceTree = "<group>"; };
		23FA619529AE627A00BE3132 /* SceneDelegate.swift */ = {isa = PBXFileReference; lastKnownFileType = sourcecode.swift; path = SceneDelegate.swift; sourceTree = "<group>"; };
		23FA619A29AE627A00BE3132 /* Base */ = {isa = PBXFileReference; lastKnownFileType = file.storyboard; name = Base; path = Base.lproj/Main.storyboard; sourceTree = "<group>"; };
		23FA619C29AE627B00BE3132 /* Assets.xcassets */ = {isa = PBXFileReference; lastKnownFileType = folder.assetcatalog; path = Assets.xcassets; sourceTree = "<group>"; };
		23FA619F29AE627B00BE3132 /* Base */ = {isa = PBXFileReference; lastKnownFileType = file.storyboard; name = Base; path = Base.lproj/LaunchScreen.storyboard; sourceTree = "<group>"; };
		23FA61A129AE627B00BE3132 /* Info.plist */ = {isa = PBXFileReference; lastKnownFileType = text.plist.xml; path = Info.plist; sourceTree = "<group>"; };
		23FA61A729AE62E800BE3132 /* Pokemon.swift */ = {isa = PBXFileReference; lastKnownFileType = sourcecode.swift; path = Pokemon.swift; sourceTree = "<group>"; };
		23FA61AD29AE66EF00BE3132 /* PokedexTableViewController.swift */ = {isa = PBXFileReference; lastKnownFileType = sourcecode.swift; path = PokedexTableViewController.swift; sourceTree = "<group>"; };
		23FA61B029AE678900BE3132 /* NetworkingController.swift */ = {isa = PBXFileReference; lastKnownFileType = sourcecode.swift; path = NetworkingController.swift; sourceTree = "<group>"; };
		23FA61B229AE688A00BE3132 /* NetworkError.swift */ = {isa = PBXFileReference; lastKnownFileType = sourcecode.swift; path = NetworkError.swift; sourceTree = "<group>"; };
/* End PBXFileReference section */

/* Begin PBXFrameworksBuildPhase section */
		23FA618D29AE627A00BE3132 /* Frameworks */ = {
			isa = PBXFrameworksBuildPhase;
			buildActionMask = 2147483647;
			files = (
			);
			runOnlyForDeploymentPostprocessing = 0;
		};
/* End PBXFrameworksBuildPhase section */

/* Begin PBXGroup section */
		23FA618729AE627A00BE3132 = {
			isa = PBXGroup;
			children = (
				23FA619229AE627A00BE3132 /* PokedexCodable */,
				23FA619129AE627A00BE3132 /* Products */,
			);
			sourceTree = "<group>";
		};
		23FA619129AE627A00BE3132 /* Products */ = {
			isa = PBXGroup;
			children = (
				23FA619029AE627A00BE3132 /* PokedexCodable.app */,
			);
			name = Products;
			sourceTree = "<group>";
		};
		23FA619229AE627A00BE3132 /* PokedexCodable */ = {
			isa = PBXGroup;
			children = (
				23FA61AF29AE677400BE3132 /* Networking */,
				23FA61AC29AE66CD00BE3132 /* ViewControllers */,
				23FA61A929AE663900BE3132 /* Model */,
				23FA61AB29AE666100BE3132 /* StoryBoard */,
				23FA61AA29AE664D00BE3132 /* SupportingFiles */,
			);
			path = PokedexCodable;
			sourceTree = "<group>";
		};
		23FA61A929AE663900BE3132 /* Model */ = {
			isa = PBXGroup;
			children = (
				23FA61A729AE62E800BE3132 /* Pokemon.swift */,
			);
			path = Model;
			sourceTree = "<group>";
		};
		23FA61AA29AE664D00BE3132 /* SupportingFiles */ = {
			isa = PBXGroup;
			children = (
				23FA619329AE627A00BE3132 /* AppDelegate.swift */,
				23FA619529AE627A00BE3132 /* SceneDelegate.swift */,
				23FA619C29AE627B00BE3132 /* Assets.xcassets */,
				23FA61A129AE627B00BE3132 /* Info.plist */,
			);
			path = SupportingFiles;
			sourceTree = "<group>";
		};
		23FA61AB29AE666100BE3132 /* StoryBoard */ = {
			isa = PBXGroup;
			children = (
				23FA619929AE627A00BE3132 /* Main.storyboard */,
				23FA619E29AE627B00BE3132 /* LaunchScreen.storyboard */,
			);
			path = StoryBoard;
			sourceTree = "<group>";
		};
		23FA61AC29AE66CD00BE3132 /* ViewControllers */ = {
			isa = PBXGroup;
			children = (
				23FA61AD29AE66EF00BE3132 /* PokedexTableViewController.swift */,
				234F7CBB29AE84720023FD71 /* PokemonTableViewCell.swift */,
			);
			path = ViewControllers;
			sourceTree = "<group>";
		};
		23FA61AF29AE677400BE3132 /* Networking */ = {
			isa = PBXGroup;
			children = (
				23FA61B029AE678900BE3132 /* NetworkingController.swift */,
				23FA61B229AE688A00BE3132 /* NetworkError.swift */,
				234F7CB929AE6DDC0023FD71 /* Constants.swift */,
			);
			path = Networking;
			sourceTree = "<group>";
		};
/* End PBXGroup section */

/* Begin PBXNativeTarget section */
		23FA618F29AE627A00BE3132 /* PokedexCodable */ = {
			isa = PBXNativeTarget;
			buildConfigurationList = 23FA61A429AE627B00BE3132 /* Build configuration list for PBXNativeTarget "PokedexCodable" */;
			buildPhases = (
				23FA618C29AE627A00BE3132 /* Sources */,
				23FA618D29AE627A00BE3132 /* Frameworks */,
				23FA618E29AE627A00BE3132 /* Resources */,
			);
			buildRules = (
			);
			dependencies = (
			);
			name = PokedexCodable;
			productName = PokedexCodable;
			productReference = 23FA619029AE627A00BE3132 /* PokedexCodable.app */;
			productType = "com.apple.product-type.application";
		};
/* End PBXNativeTarget section */

/* Begin PBXProject section */
		23FA618829AE627A00BE3132 /* Project object */ = {
			isa = PBXProject;
			attributes = {
				BuildIndependentTargetsInParallel = 1;
				LastSwiftUpdateCheck = 1420;
				LastUpgradeCheck = 1420;
				TargetAttributes = {
					23FA618F29AE627A00BE3132 = {
						CreatedOnToolsVersion = 14.2;
					};
				};
			};
			buildConfigurationList = 23FA618B29AE627A00BE3132 /* Build configuration list for PBXProject "PokedexCodable" */;
			compatibilityVersion = "Xcode 14.0";
			developmentRegion = en;
			hasScannedForEncodings = 0;
			knownRegions = (
				en,
				Base,
			);
			mainGroup = 23FA618729AE627A00BE3132;
			productRefGroup = 23FA619129AE627A00BE3132 /* Products */;
			projectDirPath = "";
			projectRoot = "";
			targets = (
				23FA618F29AE627A00BE3132 /* PokedexCodable */,
			);
		};
/* End PBXProject section */

/* Begin PBXResourcesBuildPhase section */
		23FA618E29AE627A00BE3132 /* Resources */ = {
			isa = PBXResourcesBuildPhase;
			buildActionMask = 2147483647;
			files = (
				23FA61A029AE627B00BE3132 /* LaunchScreen.storyboard in Resources */,
				23FA619D29AE627B00BE3132 /* Assets.xcassets in Resources */,
				23FA619B29AE627A00BE3132 /* Main.storyboard in Resources */,
			);
			runOnlyForDeploymentPostprocessing = 0;
		};
/* End PBXResourcesBuildPhase section */

/* Begin PBXSourcesBuildPhase section */
		23FA618C29AE627A00BE3132 /* Sources */ = {
			isa = PBXSourcesBuildPhase;
			buildActionMask = 2147483647;
			files = (
				23FA61AE29AE66EF00BE3132 /* PokedexTableViewController.swift in Sources */,
				234F7CBC29AE84720023FD71 /* PokemonTableViewCell.swift in Sources */,
				23FA61A829AE62E800BE3132 /* Pokemon.swift in Sources */,
				23FA619429AE627A00BE3132 /* AppDelegate.swift in Sources */,
				23FA61B329AE688A00BE3132 /* NetworkError.swift in Sources */,
				23FA619629AE627A00BE3132 /* SceneDelegate.swift in Sources */,
				234F7CBA29AE6DDC0023FD71 /* Constants.swift in Sources */,
				23FA61B129AE678900BE3132 /* NetworkingController.swift in Sources */,
			);
			runOnlyForDeploymentPostprocessing = 0;
		};
/* End PBXSourcesBuildPhase section */

/* Begin PBXVariantGroup section */
		23FA619929AE627A00BE3132 /* Main.storyboard */ = {
			isa = PBXVariantGroup;
			children = (
				23FA619A29AE627A00BE3132 /* Base */,
			);
			name = Main.storyboard;
			sourceTree = "<group>";
		};
		23FA619E29AE627B00BE3132 /* LaunchScreen.storyboard */ = {
			isa = PBXVariantGroup;
			children = (
				23FA619F29AE627B00BE3132 /* Base */,
			);
			name = LaunchScreen.storyboard;
			sourceTree = "<group>";
		};
/* End PBXVariantGroup section */

/* Begin XCBuildConfiguration section */
		23FA61A229AE627B00BE3132 /* Debug */ = {
			isa = XCBuildConfiguration;
			buildSettings = {
				ALWAYS_SEARCH_USER_PATHS = NO;
				CLANG_ANALYZER_NONNULL = YES;
				CLANG_ANALYZER_NUMBER_OBJECT_CONVERSION = YES_AGGRESSIVE;
				CLANG_CXX_LANGUAGE_STANDARD = "gnu++20";
				CLANG_ENABLE_MODULES = YES;
				CLANG_ENABLE_OBJC_ARC = YES;
				CLANG_ENABLE_OBJC_WEAK = YES;
				CLANG_WARN_BLOCK_CAPTURE_AUTORELEASING = YES;
				CLANG_WARN_BOOL_CONVERSION = YES;
				CLANG_WARN_COMMA = YES;
				CLANG_WARN_CONSTANT_CONVERSION = YES;
				CLANG_WARN_DEPRECATED_OBJC_IMPLEMENTATIONS = YES;
				CLANG_WARN_DIRECT_OBJC_ISA_USAGE = YES_ERROR;
				CLANG_WARN_DOCUMENTATION_COMMENTS = YES;
				CLANG_WARN_EMPTY_BODY = YES;
				CLANG_WARN_ENUM_CONVERSION = YES;
				CLANG_WARN_INFINITE_RECURSION = YES;
				CLANG_WARN_INT_CONVERSION = YES;
				CLANG_WARN_NON_LITERAL_NULL_CONVERSION = YES;
				CLANG_WARN_OBJC_IMPLICIT_RETAIN_SELF = YES;
				CLANG_WARN_OBJC_LITERAL_CONVERSION = YES;
				CLANG_WARN_OBJC_ROOT_CLASS = YES_ERROR;
				CLANG_WARN_QUOTED_INCLUDE_IN_FRAMEWORK_HEADER = YES;
				CLANG_WARN_RANGE_LOOP_ANALYSIS = YES;
				CLANG_WARN_STRICT_PROTOTYPES = YES;
				CLANG_WARN_SUSPICIOUS_MOVE = YES;
				CLANG_WARN_UNGUARDED_AVAILABILITY = YES_AGGRESSIVE;
				CLANG_WARN_UNREACHABLE_CODE = YES;
				CLANG_WARN__DUPLICATE_METHOD_MATCH = YES;
				COPY_PHASE_STRIP = NO;
				DEBUG_INFORMATION_FORMAT = dwarf;
				ENABLE_STRICT_OBJC_MSGSEND = YES;
				ENABLE_TESTABILITY = YES;
				GCC_C_LANGUAGE_STANDARD = gnu11;
				GCC_DYNAMIC_NO_PIC = NO;
				GCC_NO_COMMON_BLOCKS = YES;
				GCC_OPTIMIZATION_LEVEL = 0;
				GCC_PREPROCESSOR_DEFINITIONS = (
					"DEBUG=1",
					"$(inherited)",
				);
				GCC_WARN_64_TO_32_BIT_CONVERSION = YES;
				GCC_WARN_ABOUT_RETURN_TYPE = YES_ERROR;
				GCC_WARN_UNDECLARED_SELECTOR = YES;
				GCC_WARN_UNINITIALIZED_AUTOS = YES_AGGRESSIVE;
				GCC_WARN_UNUSED_FUNCTION = YES;
				GCC_WARN_UNUSED_VARIABLE = YES;
				IPHONEOS_DEPLOYMENT_TARGET = 16.2;
				MTL_ENABLE_DEBUG_INFO = INCLUDE_SOURCE;
				MTL_FAST_MATH = YES;
				ONLY_ACTIVE_ARCH = YES;
				SDKROOT = iphoneos;
				SWIFT_ACTIVE_COMPILATION_CONDITIONS = DEBUG;
				SWIFT_OPTIMIZATION_LEVEL = "-Onone";
			};
			name = Debug;
		};
		23FA61A329AE627B00BE3132 /* Release */ = {
			isa = XCBuildConfiguration;
			buildSettings = {
				ALWAYS_SEARCH_USER_PATHS = NO;
				CLANG_ANALYZER_NONNULL = YES;
				CLANG_ANALYZER_NUMBER_OBJECT_CONVERSION = YES_AGGRESSIVE;
				CLANG_CXX_LANGUAGE_STANDARD = "gnu++20";
				CLANG_ENABLE_MODULES = YES;
				CLANG_ENABLE_OBJC_ARC = YES;
				CLANG_ENABLE_OBJC_WEAK = YES;
				CLANG_WARN_BLOCK_CAPTURE_AUTORELEASING = YES;
				CLANG_WARN_BOOL_CONVERSION = YES;
				CLANG_WARN_COMMA = YES;
				CLANG_WARN_CONSTANT_CONVERSION = YES;
				CLANG_WARN_DEPRECATED_OBJC_IMPLEMENTATIONS = YES;
				CLANG_WARN_DIRECT_OBJC_ISA_USAGE = YES_ERROR;
				CLANG_WARN_DOCUMENTATION_COMMENTS = YES;
				CLANG_WARN_EMPTY_BODY = YES;
				CLANG_WARN_ENUM_CONVERSION = YES;
				CLANG_WARN_INFINITE_RECURSION = YES;
				CLANG_WARN_INT_CONVERSION = YES;
				CLANG_WARN_NON_LITERAL_NULL_CONVERSION = YES;
				CLANG_WARN_OBJC_IMPLICIT_RETAIN_SELF = YES;
				CLANG_WARN_OBJC_LITERAL_CONVERSION = YES;
				CLANG_WARN_OBJC_ROOT_CLASS = YES_ERROR;
				CLANG_WARN_QUOTED_INCLUDE_IN_FRAMEWORK_HEADER = YES;
				CLANG_WARN_RANGE_LOOP_ANALYSIS = YES;
				CLANG_WARN_STRICT_PROTOTYPES = YES;
				CLANG_WARN_SUSPICIOUS_MOVE = YES;
				CLANG_WARN_UNGUARDED_AVAILABILITY = YES_AGGRESSIVE;
				CLANG_WARN_UNREACHABLE_CODE = YES;
				CLANG_WARN__DUPLICATE_METHOD_MATCH = YES;
				COPY_PHASE_STRIP = NO;
				DEBUG_INFORMATION_FORMAT = "dwarf-with-dsym";
				ENABLE_NS_ASSERTIONS = NO;
				ENABLE_STRICT_OBJC_MSGSEND = YES;
				GCC_C_LANGUAGE_STANDARD = gnu11;
				GCC_NO_COMMON_BLOCKS = YES;
				GCC_WARN_64_TO_32_BIT_CONVERSION = YES;
				GCC_WARN_ABOUT_RETURN_TYPE = YES_ERROR;
				GCC_WARN_UNDECLARED_SELECTOR = YES;
				GCC_WARN_UNINITIALIZED_AUTOS = YES_AGGRESSIVE;
				GCC_WARN_UNUSED_FUNCTION = YES;
				GCC_WARN_UNUSED_VARIABLE = YES;
				IPHONEOS_DEPLOYMENT_TARGET = 16.2;
				MTL_ENABLE_DEBUG_INFO = NO;
				MTL_FAST_MATH = YES;
				SDKROOT = iphoneos;
				SWIFT_COMPILATION_MODE = wholemodule;
				SWIFT_OPTIMIZATION_LEVEL = "-O";
				VALIDATE_PRODUCT = YES;
			};
			name = Release;
		};
		23FA61A529AE627B00BE3132 /* Debug */ = {
			isa = XCBuildConfiguration;
			buildSettings = {
				ASSETCATALOG_COMPILER_APPICON_NAME = AppIcon;
				ASSETCATALOG_COMPILER_GLOBAL_ACCENT_COLOR_NAME = AccentColor;
				CODE_SIGN_STYLE = Automatic;
				CURRENT_PROJECT_VERSION = 1;
				GENERATE_INFOPLIST_FILE = YES;
				INFOPLIST_FILE = PokedexCodable/SupportingFiles/Info.plist;
				INFOPLIST_KEY_UIApplicationSupportsIndirectInputEvents = YES;
				INFOPLIST_KEY_UILaunchStoryboardName = LaunchScreen;
				INFOPLIST_KEY_UIMainStoryboardFile = Main;
				INFOPLIST_KEY_UISupportedInterfaceOrientations_iPad = "UIInterfaceOrientationPortrait UIInterfaceOrientationPortraitUpsideDown UIInterfaceOrientationLandscapeLeft UIInterfaceOrientationLandscapeRight";
				INFOPLIST_KEY_UISupportedInterfaceOrientations_iPhone = "UIInterfaceOrientationPortrait UIInterfaceOrientationLandscapeLeft UIInterfaceOrientationLandscapeRight";
				LD_RUNPATH_SEARCH_PATHS = (
					"$(inherited)",
					"@executable_path/Frameworks",
				);
				MARKETING_VERSION = 1.0;
				PRODUCT_BUNDLE_IDENTIFIER = dotGlo.PokedexCodable;
				PRODUCT_NAME = "$(TARGET_NAME)";
				SWIFT_EMIT_LOC_STRINGS = YES;
				SWIFT_VERSION = 5.0;
				TARGETED_DEVICE_FAMILY = "1,2";
			};
			name = Debug;
		};
		23FA61A629AE627B00BE3132 /* Release */ = {
			isa = XCBuildConfiguration;
			buildSettings = {
				ASSETCATALOG_COMPILER_APPICON_NAME = AppIcon;
				ASSETCATALOG_COMPILER_GLOBAL_ACCENT_COLOR_NAME = AccentColor;
				CODE_SIGN_STYLE = Automatic;
				CURRENT_PROJECT_VERSION = 1;
				GENERATE_INFOPLIST_FILE = YES;
				INFOPLIST_FILE = PokedexCodable/SupportingFiles/Info.plist;
				INFOPLIST_KEY_UIApplicationSupportsIndirectInputEvents = YES;
				INFOPLIST_KEY_UILaunchStoryboardName = LaunchScreen;
				INFOPLIST_KEY_UIMainStoryboardFile = Main;
				INFOPLIST_KEY_UISupportedInterfaceOrientations_iPad = "UIInterfaceOrientationPortrait UIInterfaceOrientationPortraitUpsideDown UIInterfaceOrientationLandscapeLeft UIInterfaceOrientationLandscapeRight";
				INFOPLIST_KEY_UISupportedInterfaceOrientations_iPhone = "UIInterfaceOrientationPortrait UIInterfaceOrientationLandscapeLeft UIInterfaceOrientationLandscapeRight";
				LD_RUNPATH_SEARCH_PATHS = (
					"$(inherited)",
					"@executable_path/Frameworks",
				);
				MARKETING_VERSION = 1.0;
				PRODUCT_BUNDLE_IDENTIFIER = dotGlo.PokedexCodable;
				PRODUCT_NAME = "$(TARGET_NAME)";
				SWIFT_EMIT_LOC_STRINGS = YES;
				SWIFT_VERSION = 5.0;
				TARGETED_DEVICE_FAMILY = "1,2";
			};
			name = Release;
		};
/* End XCBuildConfiguration section */

/* Begin XCConfigurationList section */
		23FA618B29AE627A00BE3132 /* Build configuration list for PBXProject "PokedexCodable" */ = {
			isa = XCConfigurationList;
			buildConfigurations = (
				23FA61A229AE627B00BE3132 /* Debug */,
				23FA61A329AE627B00BE3132 /* Release */,
			);
			defaultConfigurationIsVisible = 0;
			defaultConfigurationName = Release;
		};
		23FA61A429AE627B00BE3132 /* Build configuration list for PBXNativeTarget "PokedexCodable" */ = {
			isa = XCConfigurationList;
			buildConfigurations = (
				23FA61A529AE627B00BE3132 /* Debug */,
				23FA61A629AE627B00BE3132 /* Release */,
			);
			defaultConfigurationIsVisible = 0;
			defaultConfigurationName = Release;
		};
/* End XCConfigurationList section */
	};
	rootObject = 23FA618829AE627A00BE3132 /* Project object */;
}
